{
  "name": "PRTimes-advengers",
  "lockfileVersion": 3,
  "requires": true,
  "packages": {
    "": {
      "dependencies": {
        "@tiptap/extension-bold": "^3.20.1",
        "@tiptap/extension-italic": "^3.20.1",
        "@tiptap/extension-underline": "^3.20.1"
      },
      "devDependencies": {
        "@types/node": "^25.4.0"
      }
    },
    "node_modules/@remirror/core-constants": {
      "version": "3.0.0",
      "license": "MIT",
      "peer": true
    },
    "node_modules/@tiptap/core": {
      "version": "3.20.1",
      "license": "MIT",
      "peer": true,
      "funding": {
        "type": "github",
        "url": "https://github.com/sponsors/ueberdosis"
      },
      "peerDependencies": {
        "@tiptap/pm": "^3.20.1"
      }
    },
    "node_modules/@tiptap/extension-bold": {
      "version": "3.20.1",
      "license": "MIT",
      "funding": {
        "type": "github",
        "url": "https://github.com/sponsors/ueberdosis"
      },
      "peerDependencies": {
        "@tiptap/core": "^3.20.1"
      }
    },
    "node_modules/@tiptap/extension-italic": {
      "version": "3.20.1",
      "license": "MIT",
      "funding": {
        "type": "github",
        "url": "https://github.com/sponsors/ueberdosis"
      },
      "peerDependencies": {
        "@tiptap/core": "^3.20.1"
      }
    },
    "node_modules/@tiptap/extension-underline": {
      "version": "3.20.1",
      "license": "MIT",
      "funding": {
        "type": "github",
        "url": "https://github.com/sponsors/ueberdosis"
      },
      "peerDependencies": {
        "@tiptap/core": "^3.20.1"
      }
    },
    "node_modules/@tiptap/pm": {
      "version": "3.20.1",
      "license": "MIT",
      "peer": true,
      "dependencies": {
        "prosemirror-changeset": "^2.3.0",
        "prosemirror-collab": "^1.3.1",
        "prosemirror-commands": "^1.6.2",
        "prosemirror-dropcursor": "^1.8.1",
        "prosemirror-gapcursor": "^1.3.2",
        "prosemirror-history": "^1.4.1",
        "prosemirror-inputrules": "^1.4.0",
        "prosemirror-keymap": "^1.2.2",
        "prosemirror-markdown": "^1.13.1",
        "prosemirror-menu": "^1.2.4",
        "prosemirror-model": "^1.24.1",
        "prosemirror-schema-basic": "^1.2.3",
        "prosemirror-schema-list": "^1.5.0",
        "prosemirror-state": "^1.4.3",
        "prosemirror-tables": "^1.6.4",
        "prosemirror-trailing-node": "^3.0.0",
        "prosemirror-transform": "^1.10.2",
        "prosemirror-view": "^1.38.1"
      },
      "funding": {
        "type": "github",
        "url": "https://github.com/sponsors/ueberdosis"
      }
    },
    "node_modules/@types/linkify-it": {
      "version": "5.0.0",
      "license": "MIT",
      "peer": true
    },
    "node_modules/@types/markdown-it": {
      "version": "14.1.2",
      "license": "MIT",
      "peer": true,
      "dependencies": {
        "@types/linkify-it": "^5",
        "@types/mdurl": "^2"
      }
    },
    "node_modules/@types/mdurl": {
      "version": "2.0.0",
      "license": "MIT",
      "peer": true
    },
    "node_modules/@types/node": {
      "version": "25.4.0",
      "resolved": "https://registry.npmjs.org/@types/node/-/node-25.4.0.tgz",
      "integrity": "sha512-9wLpoeWuBlcbBpOY3XmzSTG3oscB6xjBEEtn+pYXTfhyXhIxC5FsBer2KTopBlvKEiW9l13po9fq+SJY/5lkhw==",
      "dev": true,
      "license": "MIT",
      "dependencies": {
        "undici-types": "~7.18.0"
      }
    },
    "node_modules/argparse": {
      "version": "2.0.1",
      "license": "Python-2.0",
      "peer": true
    },
    "node_modules/crelt": {
      "version": "1.0.6",
      "license": "MIT",
      "peer": true
    },
    "node_modules/entities": {
      "version": "4.5.0",
      "license": "BSD-2-Clause",
      "peer": true,
      "engines": {
        "node": ">=0.12"
      },
      "funding": {
        "url": "https://github.com/fb55/entities?sponsor=1"
      }
    },
    "node_modules/escape-string-regexp": {
      "version": "4.0.0",
      "license": "MIT",
      "peer": true,
      "engines": {
        "node": ">=10"
      },
      "funding": {
        "url": "https://github.com/sponsors/sindresorhus"
      }
    },
    "node_modules/linkify-it": {
      "version": "5.0.0",
      "license": "MIT",
      "peer": true,
      "dependencies": {
        "uc.micro": "^2.0.0"
      }
    },
    "node_modules/markdown-it": {
      "version": "14.1.1",
      "license": "MIT",
      "peer": true,
      "dependencies": {
        "argparse": "^2.0.1",
        "entities": "^4.4.0",
        "linkify-it": "^5.0.0",
        "mdurl": "^2.0.0",
        "punycode.js": "^2.3.1",
        "uc.micro": "^2.1.0"
      },
      "bin": {
        "markdown-it": "bin/markdown-it.mjs"
      }
    },
    "node_modules/mdurl": {
      "version": "2.0.0",
      "license": "MIT",
      "peer": true
    },
    "node_modules/orderedmap": {
      "version": "2.1.1",
      "license": "MIT",
      "peer": true
    },
    "node_modules/prosemirror-changeset": {
      "version": "2.4.0",
      "license": "MIT",
      "peer": true,
      "dependencies": {
        "prosemirror-transform": "^1.0.0"
      }
    },
    "node_modules/prosemirror-collab": {
      "version": "1.3.1",
      "license": "MIT",
      "peer": true,
      "dependencies": {
        "prosemirror-state": "^1.0.0"
      }
    },
    "node_modules/prosemirror-commands": {
      "version": "1.7.1",
      "license": "MIT",
      "peer": true,
      "dependencies": {
        "prosemirror-model": "^1.0.0",
        "prosemirror-state": "^1.0.0",
        "prosemirror-transform": "^1.10.2"
      }
    },
    "node_modules/prosemirror-dropcursor": {
      "version": "1.8.2",
      "license": "MIT",
      "peer": true,
      "dependencies": {
        "prosemirror-state": "^1.0.0",
        "prosemirror-transform": "^1.1.0",
        "prosemirror-view": "^1.1.0"
      }
    },
    "node_modules/prosemirror-gapcursor": {
      "version": "1.4.0",
      "license": "MIT",
      "peer": true,
      "dependencies": {
        "prosemirror-keymap": "^1.0.0",
        "prosemirror-model": "^1.0.0",
        "prosemirror-state": "^1.0.0",
        "prosemirror-view": "^1.0.0"
      }
    },
    "node_modules/prosemirror-history": {
      "version": "1.5.0",
      "license": "MIT",
      "peer": true,
      "dependencies": {
        "prosemirror-state": "^1.2.2",
        "prosemirror-transform": "^1.0.0",
        "prosemirror-view": "^1.31.0",
        "rope-sequence": "^1.3.0"
      }
    },
    "node_modules/prosemirror-inputrules": {
      "version": "1.5.1",
      "license": "MIT",
      "peer": true,
      "dependencies": {
        "prosemirror-state": "^1.0.0",
        "prosemirror-transform": "^1.0.0"
      }
    },
    "node_modules/prosemirror-keymap": {
      "version": "1.2.3",
      "license": "MIT",
      "peer": true,
      "dependencies": {
        "prosemirror-state": "^1.0.0",
        "w3c-keyname": "^2.2.0"
      }
    },
    "node_modules/prosemirror-markdown": {
      "version": "1.13.4",
      "license": "MIT",
      "peer": true,
      "dependencies": {
        "@types/markdown-it": "^14.0.0",
        "markdown-it": "^14.0.0",
        "prosemirror-model": "^1.25.0"
      }
    },
    "node_modules/prosemirror-menu": {
      "version": "1.3.0",
      "license": "MIT",
      "peer": true,
      "dependencies": {
        "crelt": "^1.0.0",
        "prosemirror-commands": "^1.0.0",
        "prosemirror-history": "^1.0.0",
        "prosemirror-state": "^1.0.0"
      }
    },
    "node_modules/prosemirror-model": {
      "version": "1.25.4",
      "license": "MIT",
      "peer": true,
      "dependencies": {
        "orderedmap": "^2.0.0"
      }
    },
    "node_modules/prosemirror-schema-basic": {
      "version": "1.2.4",
      "license": "MIT",
      "peer": true,
      "dependencies": {
        "prosemirror-model": "^1.25.0"
      }
    },
    "node_modules/prosemirror-schema-list": {
      "version": "1.5.1",
      "license": "MIT",
      "peer": true,
      "dependencies": {
        "prosemirror-model": "^1.0.0",
        "prosemirror-state": "^1.0.0",
        "prosemirror-transform": "^1.7.3"
      }
    },
    "node_modules/prosemirror-state": {
      "version": "1.4.4",
      "license": "MIT",
      "peer": true,
      "dependencies": {
        "prosemirror-model": "^1.0.0",
        "prosemirror-transform": "^1.0.0",
        "prosemirror-view": "^1.27.0"
      }
    },
    "node_modules/prosemirror-tables": {
      "version": "1.8.5",
      "license": "MIT",
      "peer": true,
      "dependencies": {
        "prosemirror-keymap": "^1.2.3",
        "prosemirror-model": "^1.25.4",
        "prosemirror-state": "^1.4.4",
        "prosemirror-transform": "^1.10.5",
        "prosemirror-view": "^1.41.4"
      }
    },
    "node_modules/prosemirror-trailing-node": {
      "version": "3.0.0",
      "license": "MIT",
      "peer": true,
      "dependencies": {
        "@remirror/core-constants": "3.0.0",
        "escape-string-regexp": "^4.0.0"
      },
      "peerDependencies": {
        "prosemirror-model": "^1.22.1",
        "prosemirror-state": "^1.4.2",
        "prosemirror-view": "^1.33.8"
      }
    },
    "node_modules/prosemirror-transform": {
      "version": "1.11.0",
      "license": "MIT",
      "peer": true,
      "dependencies": {
        "prosemirror-model": "^1.21.0"
      }
    },
    "node_modules/prosemirror-view": {
      "version": "1.41.6",
      "license": "MIT",
      "peer": true,
      "dependencies": {
        "prosemirror-model": "^1.20.0",
        "prosemirror-state": "^1.0.0",
        "prosemirror-transform": "^1.1.0"
      }
    },
    "node_modules/punycode.js": {
      "version": "2.3.1",
      "license": "MIT",
      "peer": true,
      "engines": {
        "node": ">=6"
      }
    },
    "node_modules/rope-sequence": {
      "version": "1.3.4",
      "license": "MIT",
      "peer": true
    },
    "node_modules/uc.micro": {
      "version": "2.1.0",
      "license": "MIT",
      "peer": true
    },
    "node_modules/undici-types": {
      "version": "7.18.2",
      "resolved": "https://registry.npmjs.org/undici-types/-/undici-types-7.18.2.tgz",
      "integrity": "sha512-AsuCzffGHJybSaRrmr5eHr81mwJU3kjw6M+uprWvCXiNeN9SOGwQ3Jn8jb8m3Z6izVgknn1R0FTCEAP2QrLY/w==",
      "dev": true,
      "license": "MIT"
    },
    "node_modules/w3c-keyname": {
      "version": "2.2.8",
      "license": "MIT",
      "peer": true
    }
  }
}
